
Microsoft Visual Studio Solution File, Format Version 12.00
# Visual Studio 2013
VisualStudioVersion = 12.0.31101.0
MinimumVisualStudioVersion = 10.0.40219.1
Project("{2150E333-8FDC-42A3-9474-1A3956D46DE8}") = ".nuget", ".nuget", "{6D44D985-3239-45B3-A221-5709BFDA7C7A}"
	ProjectSection(SolutionItems) = preProject
		.nuget\NuGet.Config = .nuget\NuGet.Config
		.nuget\NuGet.exe = .nuget\NuGet.exe
		.nuget\NuGet.targets = .nuget\NuGet.targets
	EndProjectSection
EndProject
Project("{FAE04EC0-301F-11D3-BF4B-00C04F79EFBC}") = "PromisesBase", "PromisesBase\PromisesBase.csproj", "{EB7D739E-E8EF-4834-AD2E-06FE73CB3D20}"
EndProject
Project("{FAE04EC0-301F-11D3-BF4B-00C04F79EFBC}") = "PromisesBaseTest", "PromisesBaseTest\PromisesBaseTest.csproj", "{9D81F10B-C1CD-49E9-980B-F5C4C0CF3BC5}"
EndProject
Project("{FAE04EC0-301F-11D3-BF4B-00C04F79EFBC}") = "PromisesFluentValidation", "PromisesFluentValidators\PromisesFluentValidation.csproj", "{57881067-302D-4EDE-8668-3A61A23BCC40}"
EndProject
Project("{FAE04EC0-301F-11D3-BF4B-00C04F79EFBC}") = "PromisesClaimsBasedAuth", "PromisesClaimsBasedAuth\PromisesClaimsBasedAuth.csproj", "{C10182E3-068C-4BD5-9847-C2BD19059A91}"
EndProject
Project("{FAE04EC0-301F-11D3-BF4B-00C04F79EFBC}") = "PromisesNLogInstrumentation", "PromisesNLogInstrumentation\PromisesNLogInstrumentation.csproj", "{224354A5-3B29-42E3-9A29-F6FF35FBBD9E}"
EndProject
Project("{FAE04EC0-301F-11D3-BF4B-00C04F79EFBC}") = "PromisesExecutionControlWithRedis", "PromiseExecutionControlWithRedis\PromisesExecutionControlWithRedis.csproj", "{5E05D603-6304-4D8C-94D7-05398C73D629}"
EndProject
Project("{FAE04EC0-301F-11D3-BF4B-00C04F79EFBC}") = "PromisesWithRedis", "PromisesWithRedis\PromisesWithRedis.csproj", "{ADD596AA-7290-437A-8D2D-E9BF991152B7}"
EndProject
Project("{FAE04EC0-301F-11D3-BF4B-00C04F79EFBC}") = "PromisesWithProtobuf", "PromisesWithProtobuf\PromisesWithProtobuf.csproj", "{6794FE31-8623-4330-B2FA-D373E2C83821}"
EndProject
Project("{FAE04EC0-301F-11D3-BF4B-00C04F79EFBC}") = "PromisesEncryption", "PromisesEncryption\PromisesEncryption.csproj", "{0C13A532-7419-4943-85CF-C0292C01BD4A}"
EndProject
Project("{FAE04EC0-301F-11D3-BF4B-00C04F79EFBC}") = "PromisesZMQ", "PromisesZMQ\PromisesZMQ.csproj", "{DD8ED2DD-38B7-41F3-B869-93452BB759C6}"
EndProject
Project("{FAE04EC0-301F-11D3-BF4B-00C04F79EFBC}") = "PromisesWeb", "PromisesWeb\PromisesWeb.csproj", "{A1D26B5D-7113-45CA-B158-55CAD8143BAD}"
EndProject
Project("{FAE04EC0-301F-11D3-BF4B-00C04F79EFBC}") = "PromisesWithFileTransactionLog", "PromisesWithFileTransactionLog\PromisesWithFileTransactionLog.csproj", "{5D75BB33-6392-4C69-A29D-E678F0D23161}"
EndProject
Project("{FAE04EC0-301F-11D3-BF4B-00C04F79EFBC}") = "PromisesWithREST", "PromisesHTTPs\PromisesWithREST.csproj", "{CAF9E016-E4E1-44ED-AA7B-9D722EA79E3B}"
EndProject
Project("{FAE04EC0-301F-11D3-BF4B-00C04F79EFBC}") = "PromisesTopshelf", "PromisesTopshelf\PromisesTopshelf.csproj", "{02A237AF-1999-4622-8290-8147E438C782}"
EndProject
Global
	GlobalSection(SolutionConfigurationPlatforms) = preSolution
		Debug|Any CPU = Debug|Any CPU
		Release|Any CPU = Release|Any CPU
	EndGlobalSection
	GlobalSection(ProjectConfigurationPlatforms) = postSolution
		{EB7D739E-E8EF-4834-AD2E-06FE73CB3D20}.Debug|Any CPU.ActiveCfg = Debug|Any CPU
		{EB7D739E-E8EF-4834-AD2E-06FE73CB3D20}.Debug|Any CPU.Build.0 = Debug|Any CPU
		{EB7D739E-E8EF-4834-AD2E-06FE73CB3D20}.Release|Any CPU.ActiveCfg = Release|Any CPU
		{EB7D739E-E8EF-4834-AD2E-06FE73CB3D20}.Release|Any CPU.Build.0 = Release|Any CPU
		{9D81F10B-C1CD-49E9-980B-F5C4C0CF3BC5}.Debug|Any CPU.ActiveCfg = Debug|Any CPU
		{9D81F10B-C1CD-49E9-980B-F5C4C0CF3BC5}.Debug|Any CPU.Build.0 = Debug|Any CPU
		{9D81F10B-C1CD-49E9-980B-F5C4C0CF3BC5}.Release|Any CPU.ActiveCfg = Release|Any CPU
		{9D81F10B-C1CD-49E9-980B-F5C4C0CF3BC5}.Release|Any CPU.Build.0 = Release|Any CPU
		{57881067-302D-4EDE-8668-3A61A23BCC40}.Debug|Any CPU.ActiveCfg = Debug|Any CPU
		{57881067-302D-4EDE-8668-3A61A23BCC40}.Debug|Any CPU.Build.0 = Debug|Any CPU
		{57881067-302D-4EDE-8668-3A61A23BCC40}.Release|Any CPU.ActiveCfg = Release|Any CPU
		{57881067-302D-4EDE-8668-3A61A23BCC40}.Release|Any CPU.Build.0 = Release|Any CPU
		{C10182E3-068C-4BD5-9847-C2BD19059A91}.Debug|Any CPU.ActiveCfg = Debug|Any CPU
		{C10182E3-068C-4BD5-9847-C2BD19059A91}.Debug|Any CPU.Build.0 = Debug|Any CPU
		{C10182E3-068C-4BD5-9847-C2BD19059A91}.Release|Any CPU.ActiveCfg = Release|Any CPU
		{C10182E3-068C-4BD5-9847-C2BD19059A91}.Release|Any CPU.Build.0 = Release|Any CPU
		{224354A5-3B29-42E3-9A29-F6FF35FBBD9E}.Debug|Any CPU.ActiveCfg = Debug|Any CPU
		{224354A5-3B29-42E3-9A29-F6FF35FBBD9E}.Debug|Any CPU.Build.0 = Debug|Any CPU
		{224354A5-3B29-42E3-9A29-F6FF35FBBD9E}.Release|Any CPU.ActiveCfg = Release|Any CPU
		{224354A5-3B29-42E3-9A29-F6FF35FBBD9E}.Release|Any CPU.Build.0 = Release|Any CPU
		{5E05D603-6304-4D8C-94D7-05398C73D629}.Debug|Any CPU.ActiveCfg = Debug|Any CPU
		{5E05D603-6304-4D8C-94D7-05398C73D629}.Debug|Any CPU.Build.0 = Debug|Any CPU
		{5E05D603-6304-4D8C-94D7-05398C73D629}.Release|Any CPU.ActiveCfg = Release|Any CPU
		{5E05D603-6304-4D8C-94D7-05398C73D629}.Release|Any CPU.Build.0 = Release|Any CPU
		{ADD596AA-7290-437A-8D2D-E9BF991152B7}.Debug|Any CPU.ActiveCfg = Debug|Any CPU
		{ADD596AA-7290-437A-8D2D-E9BF991152B7}.Debug|Any CPU.Build.0 = Debug|Any CPU
		{ADD596AA-7290-437A-8D2D-E9BF991152B7}.Release|Any CPU.ActiveCfg = Release|Any CPU
		{ADD596AA-7290-437A-8D2D-E9BF991152B7}.Release|Any CPU.Build.0 = Release|Any CPU
		{6794FE31-8623-4330-B2FA-D373E2C83821}.Debug|Any CPU.ActiveCfg = Debug|Any CPU
		{6794FE31-8623-4330-B2FA-D373E2C83821}.Debug|Any CPU.Build.0 = Debug|Any CPU
		{6794FE31-8623-4330-B2FA-D373E2C83821}.Release|Any CPU.ActiveCfg = Release|Any CPU
		{6794FE31-8623-4330-B2FA-D373E2C83821}.Release|Any CPU.Build.0 = Release|Any CPU
		{0C13A532-7419-4943-85CF-C0292C01BD4A}.Debug|Any CPU.ActiveCfg = Debug|Any CPU
		{0C13A532-7419-4943-85CF-C0292C01BD4A}.Debug|Any CPU.Build.0 = Debug|Any CPU
		{0C13A532-7419-4943-85CF-C0292C01BD4A}.Release|Any CPU.ActiveCfg = Release|Any CPU
		{0C13A532-7419-4943-85CF-C0292C01BD4A}.Release|Any CPU.Build.0 = Release|Any CPU
		{DD8ED2DD-38B7-41F3-B869-93452BB759C6}.Debug|Any CPU.ActiveCfg = Debug|Any CPU
		{DD8ED2DD-38B7-41F3-B869-93452BB759C6}.Debug|Any CPU.Build.0 = Debug|Any CPU
		{DD8ED2DD-38B7-41F3-B869-93452BB759C6}.Release|Any CPU.ActiveCfg = Release|Any CPU
		{DD8ED2DD-38B7-41F3-B869-93452BB759C6}.Release|Any CPU.Build.0 = Release|Any CPU
		{A1D26B5D-7113-45CA-B158-55CAD8143BAD}.Debug|Any CPU.ActiveCfg = Debug|Any CPU
		{A1D26B5D-7113-45CA-B158-55CAD8143BAD}.Debug|Any CPU.Build.0 = Debug|Any CPU
		{A1D26B5D-7113-45CA-B158-55CAD8143BAD}.Release|Any CPU.ActiveCfg = Release|Any CPU
		{A1D26B5D-7113-45CA-B158-55CAD8143BAD}.Release|Any CPU.Build.0 = Release|Any CPU
		{5D75BB33-6392-4C69-A29D-E678F0D23161}.Debug|Any CPU.ActiveCfg = Debug|Any CPU
		{5D75BB33-6392-4C69-A29D-E678F0D23161}.Debug|Any CPU.Build.0 = Debug|Any CPU
		{5D75BB33-6392-4C69-A29D-E678F0D23161}.Release|Any CPU.ActiveCfg = Release|Any CPU
		{5D75BB33-6392-4C69-A29D-E678F0D23161}.Release|Any CPU.Build.0 = Release|Any CPU
		{CAF9E016-E4E1-44ED-AA7B-9D722EA79E3B}.Debug|Any CPU.ActiveCfg = Debug|Any CPU
		{CAF9E016-E4E1-44ED-AA7B-9D722EA79E3B}.Debug|Any CPU.Build.0 = Debug|Any CPU
		{CAF9E016-E4E1-44ED-AA7B-9D722EA79E3B}.Release|Any CPU.ActiveCfg = Release|Any CPU
		{CAF9E016-E4E1-44ED-AA7B-9D722EA79E3B}.Release|Any CPU.Build.0 = Release|Any CPU
		{02A237AF-1999-4622-8290-8147E438C782}.Debug|Any CPU.ActiveCfg = Debug|Any CPU
		{02A237AF-1999-4622-8290-8147E438C782}.Debug|Any CPU.Build.0 = Debug|Any CPU
		{02A237AF-1999-4622-8290-8147E438C782}.Release|Any CPU.ActiveCfg = Release|Any CPU
		{02A237AF-1999-4622-8290-8147E438C782}.Release|Any CPU.Build.0 = Release|Any CPU
	EndGlobalSection
	GlobalSection(SolutionProperties) = preSolution
		HideSolutionNode = FALSE
	EndGlobalSection
EndGlobal
