
Microsoft Visual Studio Solution File, Format Version 12.00
# Visual Studio 14
VisualStudioVersion = 14.0.23107.0
MinimumVisualStudioVersion = 10.0.40219.1
Project("{FAE04EC0-301F-11D3-BF4B-00C04F79EFBC}") = "PromisesBaseFramework", "PromisesBaseFramework\PromisesBaseFramework.csproj", "{AA43A7E2-9D7A-434A-ADBA-D113387D5F93}"
EndProject
Project("{FAE04EC0-301F-11D3-BF4B-00C04F79EFBC}") = "PromisesBaseFrameworkTest", "PromisesBaseFrameworkTest\PromisesBaseFrameworkTest.csproj", "{88BF841E-73F4-4C37-B981-9FFBD8974F50}"
EndProject
Project("{FAE04EC0-301F-11D3-BF4B-00C04F79EFBC}") = "HarborDataFramework", "HarborBaseFramework\HarborDataFramework.csproj", "{8F38E7EC-8400-4BF2-A34B-2061F63537F1}"
EndProject
Project("{FAE04EC0-301F-11D3-BF4B-00C04F79EFBC}") = "HarborDataFrameworkTest", "HarborDataFrameworkTest\HarborDataFrameworkTest.csproj", "{7BA18A4A-0C59-4B94-9479-5447DCE256D6}"
EndProject
Project("{FAE04EC0-301F-11D3-BF4B-00C04F79EFBC}") = "Tabular", "Tabular\Tabular.csproj", "{27878413-FB69-47F3-AEA0-944A15AC52D4}"
EndProject
Project("{FAE04EC0-301F-11D3-BF4B-00C04F79EFBC}") = "HarborTabularDataFramework", "HarborTabularDataFramework\HarborTabularDataFramework.csproj", "{9A32BB1B-0E8B-4741-9683-78C29B09CF93}"
EndProject
Project("{FAE04EC0-301F-11D3-BF4B-00C04F79EFBC}") = "HarborTabularDataFrameworkTest", "HarborTabularDataFrameworkTest\HarborTabularDataFrameworkTest.csproj", "{D752498A-99C2-40C5-9880-190094B709F3}"
EndProject
Global
	GlobalSection(SolutionConfigurationPlatforms) = preSolution
		Debug|Any CPU = Debug|Any CPU
		Release|Any CPU = Release|Any CPU
	EndGlobalSection
	GlobalSection(ProjectConfigurationPlatforms) = postSolution
		{AA43A7E2-9D7A-434A-ADBA-D113387D5F93}.Debug|Any CPU.ActiveCfg = Debug|Any CPU
		{AA43A7E2-9D7A-434A-ADBA-D113387D5F93}.Debug|Any CPU.Build.0 = Debug|Any CPU
		{AA43A7E2-9D7A-434A-ADBA-D113387D5F93}.Release|Any CPU.ActiveCfg = Release|Any CPU
		{AA43A7E2-9D7A-434A-ADBA-D113387D5F93}.Release|Any CPU.Build.0 = Release|Any CPU
		{88BF841E-73F4-4C37-B981-9FFBD8974F50}.Debug|Any CPU.ActiveCfg = Debug|Any CPU
		{88BF841E-73F4-4C37-B981-9FFBD8974F50}.Debug|Any CPU.Build.0 = Debug|Any CPU
		{88BF841E-73F4-4C37-B981-9FFBD8974F50}.Release|Any CPU.ActiveCfg = Release|Any CPU
		{88BF841E-73F4-4C37-B981-9FFBD8974F50}.Release|Any CPU.Build.0 = Release|Any CPU
		{8F38E7EC-8400-4BF2-A34B-2061F63537F1}.Debug|Any CPU.ActiveCfg = Debug|Any CPU
		{8F38E7EC-8400-4BF2-A34B-2061F63537F1}.Debug|Any CPU.Build.0 = Debug|Any CPU
		{8F38E7EC-8400-4BF2-A34B-2061F63537F1}.Release|Any CPU.ActiveCfg = Release|Any CPU
		{8F38E7EC-8400-4BF2-A34B-2061F63537F1}.Release|Any CPU.Build.0 = Release|Any CPU
		{7BA18A4A-0C59-4B94-9479-5447DCE256D6}.Debug|Any CPU.ActiveCfg = Debug|Any CPU
		{7BA18A4A-0C59-4B94-9479-5447DCE256D6}.Debug|Any CPU.Build.0 = Debug|Any CPU
		{7BA18A4A-0C59-4B94-9479-5447DCE256D6}.Release|Any CPU.ActiveCfg = Release|Any CPU
		{7BA18A4A-0C59-4B94-9479-5447DCE256D6}.Release|Any CPU.Build.0 = Release|Any CPU
		{27878413-FB69-47F3-AEA0-944A15AC52D4}.Debug|Any CPU.ActiveCfg = Debug|Any CPU
		{27878413-FB69-47F3-AEA0-944A15AC52D4}.Debug|Any CPU.Build.0 = Debug|Any CPU
		{27878413-FB69-47F3-AEA0-944A15AC52D4}.Release|Any CPU.ActiveCfg = Release|Any CPU
		{27878413-FB69-47F3-AEA0-944A15AC52D4}.Release|Any CPU.Build.0 = Release|Any CPU
		{9A32BB1B-0E8B-4741-9683-78C29B09CF93}.Debug|Any CPU.ActiveCfg = Debug|Any CPU
		{9A32BB1B-0E8B-4741-9683-78C29B09CF93}.Debug|Any CPU.Build.0 = Debug|Any CPU
		{9A32BB1B-0E8B-4741-9683-78C29B09CF93}.Release|Any CPU.ActiveCfg = Release|Any CPU
		{9A32BB1B-0E8B-4741-9683-78C29B09CF93}.Release|Any CPU.Build.0 = Release|Any CPU
		{D752498A-99C2-40C5-9880-190094B709F3}.Debug|Any CPU.ActiveCfg = Debug|Any CPU
		{D752498A-99C2-40C5-9880-190094B709F3}.Debug|Any CPU.Build.0 = Debug|Any CPU
		{D752498A-99C2-40C5-9880-190094B709F3}.Release|Any CPU.ActiveCfg = Release|Any CPU
		{D752498A-99C2-40C5-9880-190094B709F3}.Release|Any CPU.Build.0 = Release|Any CPU
	EndGlobalSection
	GlobalSection(SolutionProperties) = preSolution
		HideSolutionNode = FALSE
	EndGlobalSection
EndGlobal
